
Microsoft Visual Studio Solution File, Format Version 12.00
Project("{FAE04EC0-301F-11D3-BF4B-00C04F79EFBC}") = "FakeApi", "FakeApi\FakeApi.csproj", "{B2AF4350-A8C1-41B5-9A08-F9B19E8EDA89}"
EndProject
Project("{2150E333-8FDC-42A3-9474-1A3956D46DE8}") = "Solution Items", "Solution Items", "{E9FBDFB3-3FB8-4932-BFF5-A7CD862E39E2}"
EndProject
Global
	GlobalSection(SolutionConfigurationPlatforms) = preSolution
		Debug|Any CPU = Debug|Any CPU
		Release|Any CPU = Release|Any CPU
	EndGlobalSection
	GlobalSection(ProjectConfigurationPlatforms) = postSolution
		{B2AF4350-A8C1-41B5-9A08-F9B19E8EDA89}.Debug|Any CPU.ActiveCfg = Debug|Any CPU
		{B2AF4350-A8C1-41B5-9A08-F9B19E8EDA89}.Debug|Any CPU.Build.0 = Debug|Any CPU
		{B2AF4350-A8C1-41B5-9A08-F9B19E8EDA89}.Release|Any CPU.ActiveCfg = Release|Any CPU
		{B2AF4350-A8C1-41B5-9A08-F9B19E8EDA89}.Release|Any CPU.Build.0 = Release|Any CPU
	EndGlobalSection
EndGlobal
